{
  "version": 4,
  "terraform_version": "1.10.4",
  "serial": 27,
  "lineage": "8dd0897f-048d-a330-e277-d6952bd51759",
  "outputs": {
    "autoscaler_name": {
      "value": "instance-devora-autoscaler",
      "type": "string"
    },
    "instance_group_manager_name": {
      "value": "instance-devora-mig",
      "type": "string"
    },
    "instance_template_name": {
      "value": "instance-devora-template",
      "type": "string"
    }
  },
  "resources": [
    {
      "mode": "managed",
      "type": "google_compute_autoscaler",
      "name": "mig_autoscaler",
      "provider": "provider[\"registry.terraform.io/hashicorp/google\"]",
      "instances": [
        {
          "schema_version": 0,
          "attributes": {
            "autoscaling_policy": [
              {
                "cooldown_period": 60,
                "cpu_utilization": [
                  {
                    "predictive_method": "NONE",
                    "target": 0.6
                  }
                ],
                "load_balancing_utilization": [],
                "max_replicas": 5,
                "metric": [],
                "min_replicas": 1,
                "mode": "ON",
                "scale_in_control": [],
                "scaling_schedules": []
              }
            ],
            "creation_timestamp": "2025-01-11T15:23:26.181-08:00",
            "description": "",
            "id": "projects/terraform-myname-myfamily/zones/me-west1-b/autoscalers/instance-devora-autoscaler",
            "name": "instance-devora-autoscaler",
            "project": "terraform-myname-myfamily",
            "self_link": "https://www.googleapis.com/compute/v1/projects/terraform-myname-myfamily/zones/me-west1-b/autoscalers/instance-devora-autoscaler",
            "target": "https://www.googleapis.com/compute/v1/projects/terraform-myname-myfamily/zones/me-west1-b/instanceGroupManagers/instance-devora-mig",
            "timeouts": null,
            "zone": "me-west1-b"
          },
          "sensitive_attributes": [],
          "private": "eyJlMmJmYjczMC1lY2FhLTExZTYtOGY4OC0zNDM2M2JjN2M0YzAiOnsiY3JlYXRlIjoxMjAwMDAwMDAwMDAwLCJkZWxldGUiOjEyMDAwMDAwMDAwMDAsInVwZGF0ZSI6MTIwMDAwMDAwMDAwMH19",
          "dependencies": [
            "google_compute_health_check.mig_health",
            "google_compute_instance_group_manager.mig",
            "google_compute_instance_template.mig_template"
          ]
        }
      ]
    },
    {
      "mode": "managed",
      "type": "google_compute_firewall",
      "name": "health_check_allow",
      "provider": "provider[\"registry.terraform.io/hashicorp/google\"]",
      "instances": [
        {
          "schema_version": 1,
          "attributes": {
            "allow": [
              {
                "ports": [
                  "80"
                ],
                "protocol": "tcp"
              }
            ],
            "creation_timestamp": "2025-01-11T15:17:51.097-08:00",
            "deny": [],
            "description": "",
            "destination_ranges": [],
            "direction": "INGRESS",
            "disabled": false,
            "enable_logging": null,
            "id": "projects/terraform-myname-myfamily/global/firewalls/allow-health-check",
            "log_config": [],
            "name": "allow-health-check",
            "network": "https://www.googleapis.com/compute/v1/projects/terraform-myname-myfamily/global/networks/default",
            "priority": 1000,
            "project": "terraform-myname-myfamily",
            "self_link": "https://www.googleapis.com/compute/v1/projects/terraform-myname-myfamily/global/firewalls/allow-health-check",
            "source_ranges": [
              "130.211.0.0/22",
              "35.191.0.0/16"
            ],
            "source_service_accounts": [],
            "source_tags": [],
            "target_service_accounts": [],
            "target_tags": [
              "health-check"
            ],
            "timeouts": null
          },
          "sensitive_attributes": [],
          "private": "eyJlMmJmYjczMC1lY2FhLTExZTYtOGY4OC0zNDM2M2JjN2M0YzAiOnsiY3JlYXRlIjoxMjAwMDAwMDAwMDAwLCJkZWxldGUiOjEyMDAwMDAwMDAwMDAsInVwZGF0ZSI6MTIwMDAwMDAwMDAwMH0sInNjaGVtYV92ZXJzaW9uIjoiMSJ9"
        }
      ]
    },
    {
      "mode": "managed",
      "type": "google_compute_health_check",
      "name": "mig_health",
      "provider": "provider[\"registry.terraform.io/hashicorp/google\"]",
      "instances": [
        {
          "schema_version": 0,
          "attributes": {
            "check_interval_sec": 5,
            "creation_timestamp": "2025-01-11T14:56:29.295-08:00",
            "description": "",
            "grpc_health_check": [],
            "healthy_threshold": 2,
            "http2_health_check": [],
            "http_health_check": [
              {
                "host": "",
                "port": 80,
                "port_name": "",
                "port_specification": "",
                "proxy_header": "NONE",
                "request_path": "/",
                "response": ""
              }
            ],
            "https_health_check": [],
            "id": "projects/terraform-myname-myfamily/global/healthChecks/instance-devora-health-check",
            "log_config": [
              {
                "enable": false
              }
            ],
            "name": "instance-devora-health-check",
            "project": "terraform-myname-myfamily",
            "self_link": "https://www.googleapis.com/compute/v1/projects/terraform-myname-myfamily/global/healthChecks/instance-devora-health-check",
            "source_regions": [],
            "ssl_health_check": [],
            "tcp_health_check": [],
            "timeout_sec": 5,
            "timeouts": null,
            "type": "HTTP",
            "unhealthy_threshold": 2
          },
          "sensitive_attributes": [],
          "private": "eyJlMmJmYjczMC1lY2FhLTExZTYtOGY4OC0zNDM2M2JjN2M0YzAiOnsiY3JlYXRlIjoxMjAwMDAwMDAwMDAwLCJkZWxldGUiOjEyMDAwMDAwMDAwMDAsInVwZGF0ZSI6MTIwMDAwMDAwMDAwMH19"
        }
      ]
    },
    {
      "mode": "managed",
      "type": "google_compute_instance_group_manager",
      "name": "mig",
      "provider": "provider[\"registry.terraform.io/hashicorp/google\"]",
      "instances": [
        {
          "schema_version": 0,
          "attributes": {
            "all_instances_config": [],
            "auto_healing_policies": [
              {
                "health_check": "https://www.googleapis.com/compute/v1/projects/terraform-myname-myfamily/global/healthChecks/instance-devora-health-check",
                "initial_delay_sec": 300
              }
            ],
            "base_instance_name": "instance-devora",
            "creation_timestamp": "2025-01-11T15:22:33.497-08:00",
            "description": "",
            "fingerprint": "YEtrNUajTjo=",
            "id": "projects/terraform-myname-myfamily/zones/me-west1-b/instanceGroupManagers/instance-devora-mig",
            "instance_group": "https://www.googleapis.com/compute/v1/projects/terraform-myname-myfamily/zones/me-west1-b/instanceGroups/instance-devora-mig",
            "instance_group_manager_id": 8175757885002695638,
            "instance_lifecycle_policy": [
              {
                "default_action_on_failure": "REPAIR",
                "force_update_on_repair": "NO"
              }
            ],
            "list_managed_instances_results": "PAGELESS",
            "name": "instance-devora-mig",
            "named_port": [],
            "operation": null,
            "project": "terraform-myname-myfamily",
            "self_link": "https://www.googleapis.com/compute/v1/projects/terraform-myname-myfamily/zones/me-west1-b/instanceGroupManagers/instance-devora-mig",
            "stateful_disk": [],
            "stateful_external_ip": [],
            "stateful_internal_ip": [],
            "status": [
              {
                "all_instances_config": [
                  {
                    "current_revision": "",
                    "effective": true
                  }
                ],
                "is_stable": false,
                "stateful": [
                  {
                    "has_stateful_config": false,
                    "per_instance_configs": [
                      {
                        "all_effective": true
                      }
                    ]
                  }
                ],
                "version_target": [
                  {
                    "is_reached": true
                  }
                ]
              }
            ],
            "target_pools": null,
            "target_size": 2,
            "timeouts": null,
            "update_policy": [
              {
                "max_surge_fixed": 1,
                "max_surge_percent": 0,
                "max_unavailable_fixed": 1,
                "max_unavailable_percent": 0,
                "minimal_action": "REPLACE",
                "most_disruptive_allowed_action": "",
                "replacement_method": "SUBSTITUTE",
                "type": "OPPORTUNISTIC"
              }
            ],
            "version": [
              {
                "instance_template": "https://www.googleapis.com/compute/v1/projects/terraform-myname-myfamily/global/instanceTemplates/instance-devora-template",
                "name": "",
                "target_size": []
              }
            ],
            "wait_for_instances": false,
            "wait_for_instances_status": "STABLE",
            "zone": "me-west1-b"
          },
          "sensitive_attributes": [],
          "private": "eyJlMmJmYjczMC1lY2FhLTExZTYtOGY4OC0zNDM2M2JjN2M0YzAiOnsiY3JlYXRlIjo5MDAwMDAwMDAwMDAsImRlbGV0ZSI6OTAwMDAwMDAwMDAwLCJ1cGRhdGUiOjkwMDAwMDAwMDAwMH19",
          "dependencies": [
            "google_compute_health_check.mig_health",
            "google_compute_instance_template.mig_template"
          ]
        }
      ]
    },
    {
      "mode": "managed",
      "type": "google_compute_instance_template",
      "name": "mig_template",
      "provider": "provider[\"registry.terraform.io/hashicorp/google\"]",
      "instances": [
        {
          "schema_version": 1,
          "attributes": {
            "advanced_machine_features": [],
            "can_ip_forward": false,
            "confidential_instance_config": null,
            "creation_timestamp": "2025-01-11T15:22:29.655-08:00",
            "description": "",
            "disk": [
              {
                "auto_delete": true,
                "boot": true,
                "device_name": "persistent-disk-0",
                "disk_encryption_key": [],
                "disk_name": "",
                "disk_size_gb": 0,
                "disk_type": "pd-standard",
                "interface": "SCSI",
                "labels": null,
                "mode": "READ_WRITE",
                "provisioned_iops": 0,
                "provisioned_throughput": 0,
                "resource_manager_tags": null,
                "resource_policies": null,
                "source": "",
                "source_image": "projects/debian-cloud/global/images/family/debian-12",
                "source_image_encryption_key": [],
                "source_snapshot": "",
                "source_snapshot_encryption_key": [],
                "type": "PERSISTENT"
              }
            ],
            "effective_labels": {
              "goog-terraform-provisioned": "true"
            },
            "guest_accelerator": [],
            "id": "projects/terraform-myname-myfamily/global/instanceTemplates/instance-devora-template",
            "instance_description": "",
            "key_revocation_action_type": "",
            "labels": null,
            "machine_type": "e2-micro",
            "metadata": null,
            "metadata_fingerprint": "tVFRhMsVNA4=",
            "metadata_startup_script": "#!/bin/bash\r\n\r\n# Update package lists\r\nsudo apt-get update -y\r\n\r\n# Retry update if necessary\r\nif [ $? -ne 0 ]; then\r\n  sudo apt-get update --fix-missing -y\r\nfi\r\n\r\n# Install Nginx\r\nsudo apt-get install -y nginx\r\n\r\n# Create the required directory for the web content\r\nsudo mkdir -p /var/www/html\r\n\r\n# Write \"Hello World\" to the index.html file\r\necho \"Hello World\" | sudo tee /var/www/html/index.html\r\n\r\n# Restart Nginx to apply changes\r\nsudo systemctl restart nginx\r\n\r\n\r\n",
            "min_cpu_platform": "",
            "name": "instance-devora-template",
            "name_prefix": null,
            "network_interface": [
              {
                "access_config": [
                  {
                    "nat_ip": "",
                    "network_tier": "PREMIUM",
                    "public_ptr_domain_name": ""
                  }
                ],
                "alias_ip_range": [],
                "internal_ipv6_prefix_length": 0,
                "ipv6_access_config": [],
                "ipv6_access_type": "",
                "ipv6_address": "",
                "name": "nic0",
                "network": "https://www.googleapis.com/compute/v1/projects/terraform-myname-myfamily/global/networks/default",
                "network_ip": "",
                "nic_type": "",
                "queue_count": 0,
                "stack_type": "",
                "subnetwork": "",
                "subnetwork_project": ""
              }
            ],
            "network_performance_config": [],
            "project": "terraform-myname-myfamily",
            "region": null,
            "reservation_affinity": [],
            "resource_manager_tags": null,
            "resource_policies": null,
            "scheduling": [
              {
                "automatic_restart": true,
                "availability_domain": 0,
                "instance_termination_action": "",
                "local_ssd_recovery_timeout": [],
                "max_run_duration": [],
                "min_node_cpus": 0,
                "node_affinities": [],
                "on_host_maintenance": "MIGRATE",
                "on_instance_stop_action": [],
                "preemptible": false,
                "provisioning_model": "STANDARD"
              }
            ],
            "self_link": "https://www.googleapis.com/compute/v1/projects/terraform-myname-myfamily/global/instanceTemplates/instance-devora-template",
            "self_link_unique": "https://www.googleapis.com/compute/v1/projects/terraform-myname-myfamily/global/instanceTemplates/instance-devora-template?uniqueId=584459732567147482",
            "service_account": [],
            "shielded_instance_config": [],
            "tags": [
              "health-check"
            ],
            "tags_fingerprint": "",
            "terraform_labels": {
              "goog-terraform-provisioned": "true"
            },
            "timeouts": null
          },
          "sensitive_attributes": [],
          "private": "eyJlMmJmYjczMC1lY2FhLTExZTYtOGY4OC0zNDM2M2JjN2M0YzAiOnsiY3JlYXRlIjoyNDAwMDAwMDAwMDAsImRlbGV0ZSI6MjQwMDAwMDAwMDAwfSwic2NoZW1hX3ZlcnNpb24iOiIxIn0="
        }
      ]
    }
  ],
  "check_results": null
}
